
Microsoft Visual Studio Solution File, Format Version 12.00
# Visual Studio Version 16
VisualStudioVersion = 16.0.30709.132
MinimumVisualStudioVersion = 10.0.40219.1
Project("{FAE04EC0-301F-11D3-BF4B-00C04F79EFBC}") = "HouseData", "HouseData\HouseData.csproj", "{A578024A-55F6-4FD0-9F91-EE20481BD0BC}"
EndProject
Global
	GlobalSection(SolutionConfigurationPlatforms) = preSolution
		Debug|Any CPU = Debug|Any CPU
		Release|Any CPU = Release|Any CPU
	EndGlobalSection
	GlobalSection(ProjectConfigurationPlatforms) = postSolution
		{A578024A-55F6-4FD0-9F91-EE20481BD0BC}.Debug|Any CPU.ActiveCfg = Debug|Any CPU
		{A578024A-55F6-4FD0-9F91-EE20481BD0BC}.Debug|Any CPU.Build.0 = Debug|Any CPU
		{A578024A-55F6-4FD0-9F91-EE20481BD0BC}.Release|Any CPU.ActiveCfg = Release|Any CPU
		{A578024A-55F6-4FD0-9F91-EE20481BD0BC}.Release|Any CPU.Build.0 = Release|Any CPU
	EndGlobalSection
	GlobalSection(SolutionProperties) = preSolution
		HideSolutionNode = FALSE
	EndGlobalSection
	GlobalSection(ExtensibilityGlobals) = postSolution
		SolutionGuid = {61F88DF5-3217-457F-8C7C-36B8208589EC}
	EndGlobalSection
EndGlobal
